// !$*UTF8*$!
{
	archiveVersion = 1;
	classes = {
	};
	objectVersion = 55;
	objects = {

/* Begin PBXBuildFile section */
		1316BDA927BB99C90095DD4E /* AppDelegate.swift in Sources */ = {isa = PBXBuildFile; fileRef = 1316BDA827BB99C90095DD4E /* AppDelegate.swift */; };
		1316BDAB27BB99C90095DD4E /* SceneDelegate.swift in Sources */ = {isa = PBXBuildFile; fileRef = 1316BDAA27BB99C90095DD4E /* SceneDelegate.swift */; };
		1316BDB327BB99C90095DD4E /* CalendarTask.xcdatamodeld in Sources */ = {isa = PBXBuildFile; fileRef = 1316BDB127BB99C90095DD4E /* CalendarTask.xcdatamodeld */; };
		1316BDB527BB99CA0095DD4E /* Assets.xcassets in Resources */ = {isa = PBXBuildFile; fileRef = 1316BDB427BB99CA0095DD4E /* Assets.xcassets */; };
		1316BDB827BB99CA0095DD4E /* LaunchScreen.storyboard in Resources */ = {isa = PBXBuildFile; fileRef = 1316BDB627BB99CA0095DD4E /* LaunchScreen.storyboard */; };
		1316BDC127BB9FC30095DD4E /* CalendarHeaderView.swift in Sources */ = {isa = PBXBuildFile; fileRef = 1316BDC027BB9FC30095DD4E /* CalendarHeaderView.swift */; };
		1316BDC327BBA7C00095DD4E /* Extensions.swift in Sources */ = {isa = PBXBuildFile; fileRef = 1316BDC227BBA7C00095DD4E /* Extensions.swift */; };
		1316BDC627BBD6550095DD4E /* MonthMetaData.swift in Sources */ = {isa = PBXBuildFile; fileRef = 1316BDC527BBD6550095DD4E /* MonthMetaData.swift */; };
		1316BDCA27BBE9710095DD4E /* Day.swift in Sources */ = {isa = PBXBuildFile; fileRef = 1316BDC927BBE9710095DD4E /* Day.swift */; };
		1316BDCC27BC882A0095DD4E /* CalendarViewController.swift in Sources */ = {isa = PBXBuildFile; fileRef = 1316BDCB27BC882A0095DD4E /* CalendarViewController.swift */; };
		1316BDCE27BCC6210095DD4E /* CalendarCollectionViewCell.swift in Sources */ = {isa = PBXBuildFile; fileRef = 1316BDCD27BCC6210095DD4E /* CalendarCollectionViewCell.swift */; };
		139B2A0E27BDDB7000E58F77 /* ScheduleViewController.swift in Sources */ = {isa = PBXBuildFile; fileRef = 139B2A0D27BDDB7000E58F77 /* ScheduleViewController.swift */; };
/* End PBXBuildFile section */

/* Begin PBXFileReference section */
		1316BDA527BB99C90095DD4E /* CalendarTask.app */ = {isa = PBXFileReference; explicitFileType = wrapper.application; includeInIndex = 0; path = CalendarTask.app; sourceTree = BUILT_PRODUCTS_DIR; };
		1316BDA827BB99C90095DD4E /* AppDelegate.swift */ = {isa = PBXFileReference; lastKnownFileType = sourcecode.swift; path = AppDelegate.swift; sourceTree = "<group>"; };
		1316BDAA27BB99C90095DD4E /* SceneDelegate.swift */ = {isa = PBXFileReference; lastKnownFileType = sourcecode.swift; path = SceneDelegate.swift; sourceTree = "<group>"; };
		1316BDB227BB99C90095DD4E /* CalendarTask.xcdatamodel */ = {isa = PBXFileReference; lastKnownFileType = wrapper.xcdatamodel; path = CalendarTask.xcdatamodel; sourceTree = "<group>"; };
		1316BDB427BB99CA0095DD4E /* Assets.xcassets */ = {isa = PBXFileReference; lastKnownFileType = folder.assetcatalog; path = Assets.xcassets; sourceTree = "<group>"; };
		1316BDB727BB99CA0095DD4E /* Base */ = {isa = PBXFileReference; lastKnownFileType = file.storyboard; name = Base; path = Base.lproj/LaunchScreen.storyboard; sourceTree = "<group>"; };
		1316BDB927BB99CA0095DD4E /* Info.plist */ = {isa = PBXFileReference; lastKnownFileType = text.plist.xml; path = Info.plist; sourceTree = "<group>"; };
		1316BDC027BB9FC30095DD4E /* CalendarHeaderView.swift */ = {isa = PBXFileReference; lastKnownFileType = sourcecode.swift; path = CalendarHeaderView.swift; sourceTree = "<group>"; };
		1316BDC227BBA7C00095DD4E /* Extensions.swift */ = {isa = PBXFileReference; lastKnownFileType = sourcecode.swift; path = Extensions.swift; sourceTree = "<group>"; };
		1316BDC527BBD6550095DD4E /* MonthMetaData.swift */ = {isa = PBXFileReference; lastKnownFileType = sourcecode.swift; path = MonthMetaData.swift; sourceTree = "<group>"; };
		1316BDC927BBE9710095DD4E /* Day.swift */ = {isa = PBXFileReference; lastKnownFileType = sourcecode.swift; path = Day.swift; sourceTree = "<group>"; };
		1316BDCB27BC882A0095DD4E /* CalendarViewController.swift */ = {isa = PBXFileReference; lastKnownFileType = sourcecode.swift; path = CalendarViewController.swift; sourceTree = "<group>"; };
		1316BDCD27BCC6210095DD4E /* CalendarCollectionViewCell.swift */ = {isa = PBXFileReference; lastKnownFileType = sourcecode.swift; path = CalendarCollectionViewCell.swift; sourceTree = "<group>"; };
		139B2A0D27BDDB7000E58F77 /* ScheduleViewController.swift */ = {isa = PBXFileReference; lastKnownFileType = sourcecode.swift; path = ScheduleViewController.swift; sourceTree = "<group>"; };
/* End PBXFileReference section */

/* Begin PBXFrameworksBuildPhase section */
		1316BDA227BB99C90095DD4E /* Frameworks */ = {
			isa = PBXFrameworksBuildPhase;
			buildActionMask = 2147483647;
			files = (
			);
			runOnlyForDeploymentPostprocessing = 0;
		};
/* End PBXFrameworksBuildPhase section */

/* Begin PBXGroup section */
		1316BD9C27BB99C90095DD4E = {
			isa = PBXGroup;
			children = (
				1316BDA727BB99C90095DD4E /* CalendarTask */,
				1316BDA627BB99C90095DD4E /* Products */,
			);
			sourceTree = "<group>";
		};
		1316BDA627BB99C90095DD4E /* Products */ = {
			isa = PBXGroup;
			children = (
				1316BDA527BB99C90095DD4E /* CalendarTask.app */,
			);
			name = Products;
			sourceTree = "<group>";
		};
		1316BDA727BB99C90095DD4E /* CalendarTask */ = {
			isa = PBXGroup;
			children = (
				1316BDC227BBA7C00095DD4E /* Extensions.swift */,
				1316BDA827BB99C90095DD4E /* AppDelegate.swift */,
				1316BDAA27BB99C90095DD4E /* SceneDelegate.swift */,
				1316BDBF27BB9F920095DD4E /* Calendar */,
				1316BDB427BB99CA0095DD4E /* Assets.xcassets */,
				1316BDB627BB99CA0095DD4E /* LaunchScreen.storyboard */,
				1316BDB927BB99CA0095DD4E /* Info.plist */,
				1316BDB127BB99C90095DD4E /* CalendarTask.xcdatamodeld */,
			);
			path = CalendarTask;
			sourceTree = "<group>";
		};
		1316BDBF27BB9F920095DD4E /* Calendar */ = {
			isa = PBXGroup;
			children = (
				1316BDC427BBD4220095DD4E /* Models */,
				1316BDC027BB9FC30095DD4E /* CalendarHeaderView.swift */,
				1316BDCB27BC882A0095DD4E /* CalendarViewController.swift */,
				1316BDCD27BCC6210095DD4E /* CalendarCollectionViewCell.swift */,
				139B2A0D27BDDB7000E58F77 /* ScheduleViewController.swift */,
			);
			path = Calendar;
			sourceTree = "<group>";
		};
		1316BDC427BBD4220095DD4E /* Models */ = {
			isa = PBXGroup;
			children = (
				1316BDC527BBD6550095DD4E /* MonthMetaData.swift */,
				1316BDC927BBE9710095DD4E /* Day.swift */,
			);
			path = Models;
			sourceTree = "<group>";
		};
/* End PBXGroup section */

/* Begin PBXNativeTarget section */
		1316BDA427BB99C90095DD4E /* CalendarTask */ = {
			isa = PBXNativeTarget;
			buildConfigurationList = 1316BDBC27BB99CA0095DD4E /* Build configuration list for PBXNativeTarget "CalendarTask" */;
			buildPhases = (
				1316BDA127BB99C90095DD4E /* Sources */,
				1316BDA227BB99C90095DD4E /* Frameworks */,
				1316BDA327BB99C90095DD4E /* Resources */,
			);
			buildRules = (
			);
			dependencies = (
			);
			name = CalendarTask;
			productName = CalendarTask;
			productReference = 1316BDA527BB99C90095DD4E /* CalendarTask.app */;
			productType = "com.apple.product-type.application";
		};
/* End PBXNativeTarget section */

/* Begin PBXProject section */
		1316BD9D27BB99C90095DD4E /* Project object */ = {
			isa = PBXProject;
			attributes = {
				BuildIndependentTargetsInParallel = 1;
				LastSwiftUpdateCheck = 1320;
				LastUpgradeCheck = 1320;
				TargetAttributes = {
					1316BDA427BB99C90095DD4E = {
						CreatedOnToolsVersion = 13.2.1;
					};
				};
			};
			buildConfigurationList = 1316BDA027BB99C90095DD4E /* Build configuration list for PBXProject "CalendarTask" */;
			compatibilityVersion = "Xcode 13.0";
			developmentRegion = en;
			hasScannedForEncodings = 0;
			knownRegions = (
				en,
				Base,
			);
			mainGroup = 1316BD9C27BB99C90095DD4E;
			productRefGroup = 1316BDA627BB99C90095DD4E /* Products */;
			projectDirPath = "";
			projectRoot = "";
			targets = (
				1316BDA427BB99C90095DD4E /* CalendarTask */,
			);
		};
/* End PBXProject section */

/* Begin PBXResourcesBuildPhase section */
		1316BDA327BB99C90095DD4E /* Resources */ = {
			isa = PBXResourcesBuildPhase;
			buildActionMask = 2147483647;
			files = (
				1316BDB827BB99CA0095DD4E /* LaunchScreen.storyboard in Resources */,
				1316BDB527BB99CA0095DD4E /* Assets.xcassets in Resources */,
			);
			runOnlyForDeploymentPostprocessing = 0;
		};
/* End PBXResourcesBuildPhase section */

/* Begin PBXSourcesBuildPhase section */
		1316BDA127BB99C90095DD4E /* Sources */ = {
			isa = PBXSourcesBuildPhase;
			buildActionMask = 2147483647;
			files = (
				1316BDCE27BCC6210095DD4E /* CalendarCollectionViewCell.swift in Sources */,
				1316BDCC27BC882A0095DD4E /* CalendarViewController.swift in Sources */,
				139B2A0E27BDDB7000E58F77 /* ScheduleViewController.swift in Sources */,
				1316BDC327BBA7C00095DD4E /* Extensions.swift in Sources */,
				1316BDC627BBD6550095DD4E /* MonthMetaData.swift in Sources */,
				1316BDA927BB99C90095DD4E /* AppDelegate.swift in Sources */,
				1316BDB327BB99C90095DD4E /* CalendarTask.xcdatamodeld in Sources */,
				1316BDCA27BBE9710095DD4E /* Day.swift in Sources */,
				1316BDC127BB9FC30095DD4E /* CalendarHeaderView.swift in Sources */,
				1316BDAB27BB99C90095DD4E /* SceneDelegate.swift in Sources */,
			);
			runOnlyForDeploymentPostprocessing = 0;
		};
/* End PBXSourcesBuildPhase section */

/* Begin PBXVariantGroup section */
		1316BDB627BB99CA0095DD4E /* LaunchScreen.storyboard */ = {
			isa = PBXVariantGroup;
			children = (
				1316BDB727BB99CA0095DD4E /* Base */,
			);
			name = LaunchScreen.storyboard;
			sourceTree = "<group>";
		};
/* End PBXVariantGroup section */

/* Begin XCBuildConfiguration section */
		1316BDBA27BB99CA0095DD4E /* Debug */ = {
			isa = XCBuildConfiguration;
			buildSettings = {
				ALWAYS_SEARCH_USER_PATHS = NO;
				CLANG_ANALYZER_NONNULL = YES;
				CLANG_ANALYZER_NUMBER_OBJECT_CONVERSION = YES_AGGRESSIVE;
				CLANG_CXX_LANGUAGE_STANDARD = "gnu++17";
				CLANG_CXX_LIBRARY = "libc++";
				CLANG_ENABLE_MODULES = YES;
				CLANG_ENABLE_OBJC_ARC = YES;
				CLANG_ENABLE_OBJC_WEAK = YES;
				CLANG_WARN_BLOCK_CAPTURE_AUTORELEASING = YES;
				CLANG_WARN_BOOL_CONVERSION = YES;
				CLANG_WARN_COMMA = YES;
				CLANG_WARN_CONSTANT_CONVERSION = YES;
				CLANG_WARN_DEPRECATED_OBJC_IMPLEMENTATIONS = YES;
				CLANG_WARN_DIRECT_OBJC_ISA_USAGE = YES_ERROR;
				CLANG_WARN_DOCUMENTATION_COMMENTS = YES;
				CLANG_WARN_EMPTY_BODY = YES;
				CLANG_WARN_ENUM_CONVERSION = YES;
				CLANG_WARN_INFINITE_RECURSION = YES;
				CLANG_WARN_INT_CONVERSION = YES;
				CLANG_WARN_NON_LITERAL_NULL_CONVERSION = YES;
				CLANG_WARN_OBJC_IMPLICIT_RETAIN_SELF = YES;
				CLANG_WARN_OBJC_LITERAL_CONVERSION = YES;
				CLANG_WARN_OBJC_ROOT_CLASS = YES_ERROR;
				CLANG_WARN_QUOTED_INCLUDE_IN_FRAMEWORK_HEADER = YES;
				CLANG_WARN_RANGE_LOOP_ANALYSIS = YES;
				CLANG_WARN_STRICT_PROTOTYPES = YES;
				CLANG_WARN_SUSPICIOUS_MOVE = YES;
				CLANG_WARN_UNGUARDED_AVAILABILITY = YES_AGGRESSIVE;
				CLANG_WARN_UNREACHABLE_CODE = YES;
				CLANG_WARN__DUPLICATE_METHOD_MATCH = YES;
				COPY_PHASE_STRIP = NO;
				DEBUG_INFORMATION_FORMAT = dwarf;
				ENABLE_STRICT_OBJC_MSGSEND = YES;
				ENABLE_TESTABILITY = YES;
				GCC_C_LANGUAGE_STANDARD = gnu11;
				GCC_DYNAMIC_NO_PIC = NO;
				GCC_NO_COMMON_BLOCKS = YES;
				GCC_OPTIMIZATION_LEVEL = 0;
				GCC_PREPROCESSOR_DEFINITIONS = (
					"DEBUG=1",
					"$(inherited)",
				);
				GCC_WARN_64_TO_32_BIT_CONVERSION = YES;
				GCC_WARN_ABOUT_RETURN_TYPE = YES_ERROR;
				GCC_WARN_UNDECLARED_SELECTOR = YES;
				GCC_WARN_UNINITIALIZED_AUTOS = YES_AGGRESSIVE;
				GCC_WARN_UNUSED_FUNCTION = YES;
				GCC_WARN_UNUSED_VARIABLE = YES;
				IPHONEOS_DEPLOYMENT_TARGET = 15.2;
				MTL_ENABLE_DEBUG_INFO = INCLUDE_SOURCE;
				MTL_FAST_MATH = YES;
				ONLY_ACTIVE_ARCH = YES;
				SDKROOT = iphoneos;
				SWIFT_ACTIVE_COMPILATION_CONDITIONS = DEBUG;
				SWIFT_OPTIMIZATION_LEVEL = "-Onone";
			};
			name = Debug;
		};
		1316BDBB27BB99CA0095DD4E /* Release */ = {
			isa = XCBuildConfiguration;
			buildSettings = {
				ALWAYS_SEARCH_USER_PATHS = NO;
				CLANG_ANALYZER_NONNULL = YES;
				CLANG_ANALYZER_NUMBER_OBJECT_CONVERSION = YES_AGGRESSIVE;
				CLANG_CXX_LANGUAGE_STANDARD = "gnu++17";
				CLANG_CXX_LIBRARY = "libc++";
				CLANG_ENABLE_MODULES = YES;
				CLANG_ENABLE_OBJC_ARC = YES;
				CLANG_ENABLE_OBJC_WEAK = YES;
				CLANG_WARN_BLOCK_CAPTURE_AUTORELEASING = YES;
				CLANG_WARN_BOOL_CONVERSION = YES;
				CLANG_WARN_COMMA = YES;
				CLANG_WARN_CONSTANT_CONVERSION = YES;
				CLANG_WARN_DEPRECATED_OBJC_IMPLEMENTATIONS = YES;
				CLANG_WARN_DIRECT_OBJC_ISA_USAGE = YES_ERROR;
				CLANG_WARN_DOCUMENTATION_COMMENTS = YES;
				CLANG_WARN_EMPTY_BODY = YES;
				CLANG_WARN_ENUM_CONVERSION = YES;
				CLANG_WARN_INFINITE_RECURSION = YES;
				CLANG_WARN_INT_CONVERSION = YES;
				CLANG_WARN_NON_LITERAL_NULL_CONVERSION = YES;
				CLANG_WARN_OBJC_IMPLICIT_RETAIN_SELF = YES;
				CLANG_WARN_OBJC_LITERAL_CONVERSION = YES;
				CLANG_WARN_OBJC_ROOT_CLASS = YES_ERROR;
				CLANG_WARN_QUOTED_INCLUDE_IN_FRAMEWORK_HEADER = YES;
				CLANG_WARN_RANGE_LOOP_ANALYSIS = YES;
				CLANG_WARN_STRICT_PROTOTYPES = YES;
				CLANG_WARN_SUSPICIOUS_MOVE = YES;
				CLANG_WARN_UNGUARDED_AVAILABILITY = YES_AGGRESSIVE;
				CLANG_WARN_UNREACHABLE_CODE = YES;
				CLANG_WARN__DUPLICATE_METHOD_MATCH = YES;
				COPY_PHASE_STRIP = NO;
				DEBUG_INFORMATION_FORMAT = "dwarf-with-dsym";
				ENABLE_NS_ASSERTIONS = NO;
				ENABLE_STRICT_OBJC_MSGSEND = YES;
				GCC_C_LANGUAGE_STANDARD = gnu11;
				GCC_NO_COMMON_BLOCKS = YES;
				GCC_WARN_64_TO_32_BIT_CONVERSION = YES;
				GCC_WARN_ABOUT_RETURN_TYPE = YES_ERROR;
				GCC_WARN_UNDECLARED_SELECTOR = YES;
				GCC_WARN_UNINITIALIZED_AUTOS = YES_AGGRESSIVE;
				GCC_WARN_UNUSED_FUNCTION = YES;
				GCC_WARN_UNUSED_VARIABLE = YES;
				IPHONEOS_DEPLOYMENT_TARGET = 15.2;
				MTL_ENABLE_DEBUG_INFO = NO;
				MTL_FAST_MATH = YES;
				SDKROOT = iphoneos;
				SWIFT_COMPILATION_MODE = wholemodule;
				SWIFT_OPTIMIZATION_LEVEL = "-O";
				VALIDATE_PRODUCT = YES;
			};
			name = Release;
		};
		1316BDBD27BB99CA0095DD4E /* Debug */ = {
			isa = XCBuildConfiguration;
			buildSettings = {
				ASSETCATALOG_COMPILER_APPICON_NAME = AppIcon;
				ASSETCATALOG_COMPILER_GLOBAL_ACCENT_COLOR_NAME = AccentColor;
				CODE_SIGN_STYLE = Automatic;
				CURRENT_PROJECT_VERSION = 1;
				DEVELOPMENT_TEAM = 3F6RB5JZKP;
				GENERATE_INFOPLIST_FILE = YES;
				INFOPLIST_FILE = CalendarTask/Info.plist;
				INFOPLIST_KEY_UIApplicationSupportsIndirectInputEvents = YES;
				INFOPLIST_KEY_UILaunchStoryboardName = LaunchScreen;
				INFOPLIST_KEY_UISupportedInterfaceOrientations_iPad = "UIInterfaceOrientationPortrait UIInterfaceOrientationPortraitUpsideDown UIInterfaceOrientationLandscapeLeft UIInterfaceOrientationLandscapeRight";
				INFOPLIST_KEY_UISupportedInterfaceOrientations_iPhone = "UIInterfaceOrientationPortrait UIInterfaceOrientationLandscapeLeft UIInterfaceOrientationLandscapeRight";
				LD_RUNPATH_SEARCH_PATHS = (
					"$(inherited)",
					"@executable_path/Frameworks",
				);
				MARKETING_VERSION = 1.0;
				PRODUCT_BUNDLE_IDENTIFIER = hebaek.CalendarTask;
				PRODUCT_NAME = "$(TARGET_NAME)";
				SWIFT_EMIT_LOC_STRINGS = YES;
				SWIFT_VERSION = 5.0;
				TARGETED_DEVICE_FAMILY = "1,2";
			};
			name = Debug;
		};
		1316BDBE27BB99CA0095DD4E /* Release */ = {
			isa = XCBuildConfiguration;
			buildSettings = {
				ASSETCATALOG_COMPILER_APPICON_NAME = AppIcon;
				ASSETCATALOG_COMPILER_GLOBAL_ACCENT_COLOR_NAME = AccentColor;
				CODE_SIGN_STYLE = Automatic;
				CURRENT_PROJECT_VERSION = 1;
				DEVELOPMENT_TEAM = 3F6RB5JZKP;
				GENERATE_INFOPLIST_FILE = YES;
				INFOPLIST_FILE = CalendarTask/Info.plist;
				INFOPLIST_KEY_UIApplicationSupportsIndirectInputEvents = YES;
				INFOPLIST_KEY_UILaunchStoryboardName = LaunchScreen;
				INFOPLIST_KEY_UISupportedInterfaceOrientations_iPad = "UIInterfaceOrientationPortrait UIInterfaceOrientationPortraitUpsideDown UIInterfaceOrientationLandscapeLeft UIInterfaceOrientationLandscapeRight";
				INFOPLIST_KEY_UISupportedInterfaceOrientations_iPhone = "UIInterfaceOrientationPortrait UIInterfaceOrientationLandscapeLeft UIInterfaceOrientationLandscapeRight";
				LD_RUNPATH_SEARCH_PATHS = (
					"$(inherited)",
					"@executable_path/Frameworks",
				);
				MARKETING_VERSION = 1.0;
				PRODUCT_BUNDLE_IDENTIFIER = hebaek.CalendarTask;
				PRODUCT_NAME = "$(TARGET_NAME)";
				SWIFT_EMIT_LOC_STRINGS = YES;
				SWIFT_VERSION = 5.0;
				TARGETED_DEVICE_FAMILY = "1,2";
			};
			name = Release;
		};
/* End XCBuildConfiguration section */

/* Begin XCConfigurationList section */
		1316BDA027BB99C90095DD4E /* Build configuration list for PBXProject "CalendarTask" */ = {
			isa = XCConfigurationList;
			buildConfigurations = (
				1316BDBA27BB99CA0095DD4E /* Debug */,
				1316BDBB27BB99CA0095DD4E /* Release */,
			);
			defaultConfigurationIsVisible = 0;
			defaultConfigurationName = Release;
		};
		1316BDBC27BB99CA0095DD4E /* Build configuration list for PBXNativeTarget "CalendarTask" */ = {
			isa = XCConfigurationList;
			buildConfigurations = (
				1316BDBD27BB99CA0095DD4E /* Debug */,
				1316BDBE27BB99CA0095DD4E /* Release */,
			);
			defaultConfigurationIsVisible = 0;
			defaultConfigurationName = Release;
		};
/* End XCConfigurationList section */

/* Begin XCVersionGroup section */
		1316BDB127BB99C90095DD4E /* CalendarTask.xcdatamodeld */ = {
			isa = XCVersionGroup;
			children = (
				1316BDB227BB99C90095DD4E /* CalendarTask.xcdatamodel */,
			);
			currentVersion = 1316BDB227BB99C90095DD4E /* CalendarTask.xcdatamodel */;
			path = CalendarTask.xcdatamodeld;
			sourceTree = "<group>";
			versionGroupType = wrapper.xcdatamodel;
		};
/* End XCVersionGroup section */
	};
	rootObject = 1316BD9D27BB99C90095DD4E /* Project object */;
}
